
Microsoft Visual Studio Solution File, Format Version 12.00
# Visual Studio Version 17
VisualStudioVersion = 17.2.32210.308
MinimumVisualStudioVersion = 10.0.40219.1
Project("{FAE04EC0-301F-11D3-BF4B-00C04F79EFBC}") = "Avalonia.Raspi", "Avalonia.Raspi\Avalonia.Raspi.csproj", "{341C13DC-065F-4EEE-A1DB-E468834F33CC}"
EndProject
Global
	GlobalSection(SolutionConfigurationPlatforms) = preSolution
		Debug|Any CPU = Debug|Any CPU
		Release|Any CPU = Release|Any CPU
	EndGlobalSection
	GlobalSection(ProjectConfigurationPlatforms) = postSolution
		{341C13DC-065F-4EEE-A1DB-E468834F33CC}.Debug|Any CPU.ActiveCfg = Debug|Any CPU
		{341C13DC-065F-4EEE-A1DB-E468834F33CC}.Debug|Any CPU.Build.0 = Debug|Any CPU
		{341C13DC-065F-4EEE-A1DB-E468834F33CC}.Release|Any CPU.ActiveCfg = Release|Any CPU
		{341C13DC-065F-4EEE-A1DB-E468834F33CC}.Release|Any CPU.Build.0 = Release|Any CPU
	EndGlobalSection
	GlobalSection(SolutionProperties) = preSolution
		HideSolutionNode = FALSE
	EndGlobalSection
	GlobalSection(ExtensibilityGlobals) = postSolution
		SolutionGuid = {2E74D51A-BF78-41BC-8DD9-5148DE39DD2D}
	EndGlobalSection
EndGlobal
